
Microsoft Visual Studio Solution File, Format Version 12.00
# Visual Studio Version 16
VisualStudioVersion = 16.0.31112.23
MinimumVisualStudioVersion = 10.0.40219.1
Project("{8BC9CEB8-8B4A-11D0-8D11-00A0C91BC942}") = "합승택시요금", "합승택시요금\합승택시요금.vcxproj", "{75F90A90-F9A6-4FBE-8B48-1C5BB4C027D1}"
EndProject
Project("{8BC9CEB8-8B4A-11D0-8D11-00A0C91BC942}") = "경주로건설", "경주로건설\경주로건설.vcxproj", "{1D050815-57C3-4B6E-940E-6C2EB4A8618E}"
EndProject
Project("{8BC9CEB8-8B4A-11D0-8D11-00A0C91BC942}") = "매칭점수", "매칭점수\매칭점수.vcxproj", "{4A07AF09-F890-4E21-BA85-4F2BB658E791}"
EndProject
Project("{8BC9CEB8-8B4A-11D0-8D11-00A0C91BC942}") = "길찾기게임", "길찾기게임\길찾기게임.vcxproj", "{E620A676-4171-4400-9683-1694E5AAC82C}"
EndProject
Project("{8BC9CEB8-8B4A-11D0-8D11-00A0C91BC942}") = "셔틀버스", "셔틀버스\셔틀버스.vcxproj", "{04909FD5-6708-4AB1-A6B1-374EB72F70FB}"
EndProject
Project("{8BC9CEB8-8B4A-11D0-8D11-00A0C91BC942}") = "숫자게임", "숫자게임\숫자게임.vcxproj", "{F45335B0-B0B0-45F2-8C2C-AC4453CA5901}"
EndProject
Project("{8BC9CEB8-8B4A-11D0-8D11-00A0C91BC942}") = "기지국설치", "기지국설치\기지국설치.vcxproj", "{92D5EF49-6AFF-4BDA-AE47-B00A2B1BDCC8}"
EndProject
Project("{8BC9CEB8-8B4A-11D0-8D11-00A0C91BC942}") = "스티커 모으기(2)", "스티커 모으기(2)\스티커 모으기(2).vcxproj", "{7093490E-4B8A-4E8D-AFBD-7967436436A1}"
EndProject
Project("{8BC9CEB8-8B4A-11D0-8D11-00A0C91BC942}") = "모두 0으로 만들기", "2\2.vcxproj", "{F3316E57-1346-4E6C-9E22-8FE86E2B509C}"
EndProject
Project("{8BC9CEB8-8B4A-11D0-8D11-00A0C91BC942}") = "N-Queen", "N-Queen\N-Queen.vcxproj", "{3485E05A-E25B-4D5C-A868-FAB3B5CD5118}"
EndProject
Project("{8BC9CEB8-8B4A-11D0-8D11-00A0C91BC942}") = "징검다리 건너기", "징검다리 건너기\징검다리 건너기.vcxproj", "{46ECD1B8-F55A-4215-8C1A-1D534DBB5EAC}"
EndProject
Project("{8BC9CEB8-8B4A-11D0-8D11-00A0C91BC942}") = "하노이의탑", "하노이의탑\하노이의탑.vcxproj", "{37DA81E2-8CF9-4FA1-8E2B-0275D4CE20F9}"
EndProject
Project("{8BC9CEB8-8B4A-11D0-8D11-00A0C91BC942}") = "최고의집합", "최고의집합\최고의집합.vcxproj", "{387948EC-C039-485F-806D-1B7BE697FFCD}"
EndProject
Project("{8BC9CEB8-8B4A-11D0-8D11-00A0C91BC942}") = "베스트앨범", "베스트앨범\베스트앨범.vcxproj", "{FF2C6B67-5D39-4BDE-8D53-BFE9F38477AD}"
EndProject
Project("{8BC9CEB8-8B4A-11D0-8D11-00A0C91BC942}") = "가장 긴 팰린드롬", "가장 긴 팰린드롬\가장 긴 팰린드롬.vcxproj", "{9EC0CAE9-5F81-433B-A2DE-6B876E7C4265}"
EndProject
Project("{8BC9CEB8-8B4A-11D0-8D11-00A0C91BC942}") = "입국심사", "입국심사\입국심사.vcxproj", "{7258869B-02BE-433A-A951-2C3C6DD727B4}"
EndProject
Project("{8BC9CEB8-8B4A-11D0-8D11-00A0C91BC942}") = "순위", "순위\순위.vcxproj", "{3381E1E3-C659-4461-9878-FBA37E5E5D12}"
EndProject
Project("{8BC9CEB8-8B4A-11D0-8D11-00A0C91BC942}") = "기둥과 보 설치", "기둥과 보 설치\기둥과 보 설치.vcxproj", "{9B9B07BB-ED7D-4A29-ABEB-8C194535A2C2}"
EndProject
Project("{8BC9CEB8-8B4A-11D0-8D11-00A0C91BC942}") = "줄서는방법", "줄서는방법\줄서는방법.vcxproj", "{9E1348E2-B233-44B0-97B1-B5A8182852AA}"
EndProject
Project("{8BC9CEB8-8B4A-11D0-8D11-00A0C91BC942}") = "스타수열", "스타수열\스타수열.vcxproj", "{2FAEB23F-F176-4FFF-89D0-8946BFCD661B}"
EndProject
Project("{8BC9CEB8-8B4A-11D0-8D11-00A0C91BC942}") = "불량사용자", "불량사용자\불량사용자.vcxproj", "{D42CB55B-6288-4A16-9A57-AB8A6265486B}"
EndProject
Project("{8BC9CEB8-8B4A-11D0-8D11-00A0C91BC942}") = "외벽점검", "외벽점검\외벽점검.vcxproj", "{1DE447FD-C5BC-495E-B17A-5232A9E7C8D0}"
EndProject
Project("{8BC9CEB8-8B4A-11D0-8D11-00A0C91BC942}") = "괄호변환", "괄호변환\괄호변환.vcxproj", "{03F408E1-5A0F-45B1-8021-28BAB0235020}"
EndProject
Project("{8BC9CEB8-8B4A-11D0-8D11-00A0C91BC942}") = "광고삽입", "광고삽입\광고삽입.vcxproj", "{C52E6387-AA6F-4CEB-9A0B-FD8FC9BCDF79}"
EndProject
Global
	GlobalSection(SolutionConfigurationPlatforms) = preSolution
		Debug|x64 = Debug|x64
		Debug|x86 = Debug|x86
		Release|x64 = Release|x64
		Release|x86 = Release|x86
	EndGlobalSection
	GlobalSection(ProjectConfigurationPlatforms) = postSolution
		{75F90A90-F9A6-4FBE-8B48-1C5BB4C027D1}.Debug|x64.ActiveCfg = Debug|x64
		{75F90A90-F9A6-4FBE-8B48-1C5BB4C027D1}.Debug|x64.Build.0 = Debug|x64
		{75F90A90-F9A6-4FBE-8B48-1C5BB4C027D1}.Debug|x86.ActiveCfg = Debug|Win32
		{75F90A90-F9A6-4FBE-8B48-1C5BB4C027D1}.Debug|x86.Build.0 = Debug|Win32
		{75F90A90-F9A6-4FBE-8B48-1C5BB4C027D1}.Release|x64.ActiveCfg = Release|x64
		{75F90A90-F9A6-4FBE-8B48-1C5BB4C027D1}.Release|x64.Build.0 = Release|x64
		{75F90A90-F9A6-4FBE-8B48-1C5BB4C027D1}.Release|x86.ActiveCfg = Release|Win32
		{75F90A90-F9A6-4FBE-8B48-1C5BB4C027D1}.Release|x86.Build.0 = Release|Win32
		{1D050815-57C3-4B6E-940E-6C2EB4A8618E}.Debug|x64.ActiveCfg = Debug|x64
		{1D050815-57C3-4B6E-940E-6C2EB4A8618E}.Debug|x64.Build.0 = Debug|x64
		{1D050815-57C3-4B6E-940E-6C2EB4A8618E}.Debug|x86.ActiveCfg = Debug|Win32
		{1D050815-57C3-4B6E-940E-6C2EB4A8618E}.Debug|x86.Build.0 = Debug|Win32
		{1D050815-57C3-4B6E-940E-6C2EB4A8618E}.Release|x64.ActiveCfg = Release|x64
		{1D050815-57C3-4B6E-940E-6C2EB4A8618E}.Release|x64.Build.0 = Release|x64
		{1D050815-57C3-4B6E-940E-6C2EB4A8618E}.Release|x86.ActiveCfg = Release|Win32
		{1D050815-57C3-4B6E-940E-6C2EB4A8618E}.Release|x86.Build.0 = Release|Win32
		{4A07AF09-F890-4E21-BA85-4F2BB658E791}.Debug|x64.ActiveCfg = Debug|x64
		{4A07AF09-F890-4E21-BA85-4F2BB658E791}.Debug|x64.Build.0 = Debug|x64
		{4A07AF09-F890-4E21-BA85-4F2BB658E791}.Debug|x86.ActiveCfg = Debug|Win32
		{4A07AF09-F890-4E21-BA85-4F2BB658E791}.Debug|x86.Build.0 = Debug|Win32
		{4A07AF09-F890-4E21-BA85-4F2BB658E791}.Release|x64.ActiveCfg = Release|x64
		{4A07AF09-F890-4E21-BA85-4F2BB658E791}.Release|x64.Build.0 = Release|x64
		{4A07AF09-F890-4E21-BA85-4F2BB658E791}.Release|x86.ActiveCfg = Release|Win32
		{4A07AF09-F890-4E21-BA85-4F2BB658E791}.Release|x86.Build.0 = Release|Win32
		{E620A676-4171-4400-9683-1694E5AAC82C}.Debug|x64.ActiveCfg = Debug|x64
		{E620A676-4171-4400-9683-1694E5AAC82C}.Debug|x64.Build.0 = Debug|x64
		{E620A676-4171-4400-9683-1694E5AAC82C}.Debug|x86.ActiveCfg = Debug|Win32
		{E620A676-4171-4400-9683-1694E5AAC82C}.Debug|x86.Build.0 = Debug|Win32
		{E620A676-4171-4400-9683-1694E5AAC82C}.Release|x64.ActiveCfg = Release|x64
		{E620A676-4171-4400-9683-1694E5AAC82C}.Release|x64.Build.0 = Release|x64
		{E620A676-4171-4400-9683-1694E5AAC82C}.Release|x86.ActiveCfg = Release|Win32
		{E620A676-4171-4400-9683-1694E5AAC82C}.Release|x86.Build.0 = Release|Win32
		{04909FD5-6708-4AB1-A6B1-374EB72F70FB}.Debug|x64.ActiveCfg = Debug|x64
		{04909FD5-6708-4AB1-A6B1-374EB72F70FB}.Debug|x64.Build.0 = Debug|x64
		{04909FD5-6708-4AB1-A6B1-374EB72F70FB}.Debug|x86.ActiveCfg = Debug|Win32
		{04909FD5-6708-4AB1-A6B1-374EB72F70FB}.Debug|x86.Build.0 = Debug|Win32
		{04909FD5-6708-4AB1-A6B1-374EB72F70FB}.Release|x64.ActiveCfg = Release|x64
		{04909FD5-6708-4AB1-A6B1-374EB72F70FB}.Release|x64.Build.0 = Release|x64
		{04909FD5-6708-4AB1-A6B1-374EB72F70FB}.Release|x86.ActiveCfg = Release|Win32
		{04909FD5-6708-4AB1-A6B1-374EB72F70FB}.Release|x86.Build.0 = Release|Win32
		{F45335B0-B0B0-45F2-8C2C-AC4453CA5901}.Debug|x64.ActiveCfg = Debug|x64
		{F45335B0-B0B0-45F2-8C2C-AC4453CA5901}.Debug|x64.Build.0 = Debug|x64
		{F45335B0-B0B0-45F2-8C2C-AC4453CA5901}.Debug|x86.ActiveCfg = Debug|Win32
		{F45335B0-B0B0-45F2-8C2C-AC4453CA5901}.Debug|x86.Build.0 = Debug|Win32
		{F45335B0-B0B0-45F2-8C2C-AC4453CA5901}.Release|x64.ActiveCfg = Release|x64
		{F45335B0-B0B0-45F2-8C2C-AC4453CA5901}.Release|x64.Build.0 = Release|x64
		{F45335B0-B0B0-45F2-8C2C-AC4453CA5901}.Release|x86.ActiveCfg = Release|Win32
		{F45335B0-B0B0-45F2-8C2C-AC4453CA5901}.Release|x86.Build.0 = Release|Win32
		{92D5EF49-6AFF-4BDA-AE47-B00A2B1BDCC8}.Debug|x64.ActiveCfg = Debug|x64
		{92D5EF49-6AFF-4BDA-AE47-B00A2B1BDCC8}.Debug|x64.Build.0 = Debug|x64
		{92D5EF49-6AFF-4BDA-AE47-B00A2B1BDCC8}.Debug|x86.ActiveCfg = Debug|Win32
		{92D5EF49-6AFF-4BDA-AE47-B00A2B1BDCC8}.Debug|x86.Build.0 = Debug|Win32
		{92D5EF49-6AFF-4BDA-AE47-B00A2B1BDCC8}.Release|x64.ActiveCfg = Release|x64
		{92D5EF49-6AFF-4BDA-AE47-B00A2B1BDCC8}.Release|x64.Build.0 = Release|x64
		{92D5EF49-6AFF-4BDA-AE47-B00A2B1BDCC8}.Release|x86.ActiveCfg = Release|Win32
		{92D5EF49-6AFF-4BDA-AE47-B00A2B1BDCC8}.Release|x86.Build.0 = Release|Win32
		{7093490E-4B8A-4E8D-AFBD-7967436436A1}.Debug|x64.ActiveCfg = Debug|x64
		{7093490E-4B8A-4E8D-AFBD-7967436436A1}.Debug|x64.Build.0 = Debug|x64
		{7093490E-4B8A-4E8D-AFBD-7967436436A1}.Debug|x86.ActiveCfg = Debug|Win32
		{7093490E-4B8A-4E8D-AFBD-7967436436A1}.Debug|x86.Build.0 = Debug|Win32
		{7093490E-4B8A-4E8D-AFBD-7967436436A1}.Release|x64.ActiveCfg = Release|x64
		{7093490E-4B8A-4E8D-AFBD-7967436436A1}.Release|x64.Build.0 = Release|x64
		{7093490E-4B8A-4E8D-AFBD-7967436436A1}.Release|x86.ActiveCfg = Release|Win32
		{7093490E-4B8A-4E8D-AFBD-7967436436A1}.Release|x86.Build.0 = Release|Win32
		{F3316E57-1346-4E6C-9E22-8FE86E2B509C}.Debug|x64.ActiveCfg = Debug|x64
		{F3316E57-1346-4E6C-9E22-8FE86E2B509C}.Debug|x64.Build.0 = Debug|x64
		{F3316E57-1346-4E6C-9E22-8FE86E2B509C}.Debug|x86.ActiveCfg = Debug|Win32
		{F3316E57-1346-4E6C-9E22-8FE86E2B509C}.Debug|x86.Build.0 = Debug|Win32
		{F3316E57-1346-4E6C-9E22-8FE86E2B509C}.Release|x64.ActiveCfg = Release|x64
		{F3316E57-1346-4E6C-9E22-8FE86E2B509C}.Release|x64.Build.0 = Release|x64
		{F3316E57-1346-4E6C-9E22-8FE86E2B509C}.Release|x86.ActiveCfg = Release|Win32
		{F3316E57-1346-4E6C-9E22-8FE86E2B509C}.Release|x86.Build.0 = Release|Win32
		{3485E05A-E25B-4D5C-A868-FAB3B5CD5118}.Debug|x64.ActiveCfg = Debug|x64
		{3485E05A-E25B-4D5C-A868-FAB3B5CD5118}.Debug|x64.Build.0 = Debug|x64
		{3485E05A-E25B-4D5C-A868-FAB3B5CD5118}.Debug|x86.ActiveCfg = Debug|Win32
		{3485E05A-E25B-4D5C-A868-FAB3B5CD5118}.Debug|x86.Build.0 = Debug|Win32
		{3485E05A-E25B-4D5C-A868-FAB3B5CD5118}.Release|x64.ActiveCfg = Release|x64
		{3485E05A-E25B-4D5C-A868-FAB3B5CD5118}.Release|x64.Build.0 = Release|x64
		{3485E05A-E25B-4D5C-A868-FAB3B5CD5118}.Release|x86.ActiveCfg = Release|Win32
		{3485E05A-E25B-4D5C-A868-FAB3B5CD5118}.Release|x86.Build.0 = Release|Win32
		{46ECD1B8-F55A-4215-8C1A-1D534DBB5EAC}.Debug|x64.ActiveCfg = Debug|x64
		{46ECD1B8-F55A-4215-8C1A-1D534DBB5EAC}.Debug|x64.Build.0 = Debug|x64
		{46ECD1B8-F55A-4215-8C1A-1D534DBB5EAC}.Debug|x86.ActiveCfg = Debug|Win32
		{46ECD1B8-F55A-4215-8C1A-1D534DBB5EAC}.Debug|x86.Build.0 = Debug|Win32
		{46ECD1B8-F55A-4215-8C1A-1D534DBB5EAC}.Release|x64.ActiveCfg = Release|x64
		{46ECD1B8-F55A-4215-8C1A-1D534DBB5EAC}.Release|x64.Build.0 = Release|x64
		{46ECD1B8-F55A-4215-8C1A-1D534DBB5EAC}.Release|x86.ActiveCfg = Release|Win32
		{46ECD1B8-F55A-4215-8C1A-1D534DBB5EAC}.Release|x86.Build.0 = Release|Win32
		{37DA81E2-8CF9-4FA1-8E2B-0275D4CE20F9}.Debug|x64.ActiveCfg = Debug|x64
		{37DA81E2-8CF9-4FA1-8E2B-0275D4CE20F9}.Debug|x64.Build.0 = Debug|x64
		{37DA81E2-8CF9-4FA1-8E2B-0275D4CE20F9}.Debug|x86.ActiveCfg = Debug|Win32
		{37DA81E2-8CF9-4FA1-8E2B-0275D4CE20F9}.Debug|x86.Build.0 = Debug|Win32
		{37DA81E2-8CF9-4FA1-8E2B-0275D4CE20F9}.Release|x64.ActiveCfg = Release|x64
		{37DA81E2-8CF9-4FA1-8E2B-0275D4CE20F9}.Release|x64.Build.0 = Release|x64
		{37DA81E2-8CF9-4FA1-8E2B-0275D4CE20F9}.Release|x86.ActiveCfg = Release|Win32
		{37DA81E2-8CF9-4FA1-8E2B-0275D4CE20F9}.Release|x86.Build.0 = Release|Win32
		{387948EC-C039-485F-806D-1B7BE697FFCD}.Debug|x64.ActiveCfg = Debug|x64
		{387948EC-C039-485F-806D-1B7BE697FFCD}.Debug|x64.Build.0 = Debug|x64
		{387948EC-C039-485F-806D-1B7BE697FFCD}.Debug|x86.ActiveCfg = Debug|Win32
		{387948EC-C039-485F-806D-1B7BE697FFCD}.Debug|x86.Build.0 = Debug|Win32
		{387948EC-C039-485F-806D-1B7BE697FFCD}.Release|x64.ActiveCfg = Release|x64
		{387948EC-C039-485F-806D-1B7BE697FFCD}.Release|x64.Build.0 = Release|x64
		{387948EC-C039-485F-806D-1B7BE697FFCD}.Release|x86.ActiveCfg = Release|Win32
		{387948EC-C039-485F-806D-1B7BE697FFCD}.Release|x86.Build.0 = Release|Win32
		{FF2C6B67-5D39-4BDE-8D53-BFE9F38477AD}.Debug|x64.ActiveCfg = Debug|x64
		{FF2C6B67-5D39-4BDE-8D53-BFE9F38477AD}.Debug|x64.Build.0 = Debug|x64
		{FF2C6B67-5D39-4BDE-8D53-BFE9F38477AD}.Debug|x86.ActiveCfg = Debug|Win32
		{FF2C6B67-5D39-4BDE-8D53-BFE9F38477AD}.Debug|x86.Build.0 = Debug|Win32
		{FF2C6B67-5D39-4BDE-8D53-BFE9F38477AD}.Release|x64.ActiveCfg = Release|x64
		{FF2C6B67-5D39-4BDE-8D53-BFE9F38477AD}.Release|x64.Build.0 = Release|x64
		{FF2C6B67-5D39-4BDE-8D53-BFE9F38477AD}.Release|x86.ActiveCfg = Release|Win32
		{FF2C6B67-5D39-4BDE-8D53-BFE9F38477AD}.Release|x86.Build.0 = Release|Win32
		{9EC0CAE9-5F81-433B-A2DE-6B876E7C4265}.Debug|x64.ActiveCfg = Debug|x64
		{9EC0CAE9-5F81-433B-A2DE-6B876E7C4265}.Debug|x64.Build.0 = Debug|x64
		{9EC0CAE9-5F81-433B-A2DE-6B876E7C4265}.Debug|x86.ActiveCfg = Debug|Win32
		{9EC0CAE9-5F81-433B-A2DE-6B876E7C4265}.Debug|x86.Build.0 = Debug|Win32
		{9EC0CAE9-5F81-433B-A2DE-6B876E7C4265}.Release|x64.ActiveCfg = Release|x64
		{9EC0CAE9-5F81-433B-A2DE-6B876E7C4265}.Release|x64.Build.0 = Release|x64
		{9EC0CAE9-5F81-433B-A2DE-6B876E7C4265}.Release|x86.ActiveCfg = Release|Win32
		{9EC0CAE9-5F81-433B-A2DE-6B876E7C4265}.Release|x86.Build.0 = Release|Win32
		{7258869B-02BE-433A-A951-2C3C6DD727B4}.Debug|x64.ActiveCfg = Debug|x64
		{7258869B-02BE-433A-A951-2C3C6DD727B4}.Debug|x64.Build.0 = Debug|x64
		{7258869B-02BE-433A-A951-2C3C6DD727B4}.Debug|x86.ActiveCfg = Debug|Win32
		{7258869B-02BE-433A-A951-2C3C6DD727B4}.Debug|x86.Build.0 = Debug|Win32
		{7258869B-02BE-433A-A951-2C3C6DD727B4}.Release|x64.ActiveCfg = Release|x64
		{7258869B-02BE-433A-A951-2C3C6DD727B4}.Release|x64.Build.0 = Release|x64
		{7258869B-02BE-433A-A951-2C3C6DD727B4}.Release|x86.ActiveCfg = Release|Win32
		{7258869B-02BE-433A-A951-2C3C6DD727B4}.Release|x86.Build.0 = Release|Win32
		{3381E1E3-C659-4461-9878-FBA37E5E5D12}.Debug|x64.ActiveCfg = Debug|x64
		{3381E1E3-C659-4461-9878-FBA37E5E5D12}.Debug|x64.Build.0 = Debug|x64
		{3381E1E3-C659-4461-9878-FBA37E5E5D12}.Debug|x86.ActiveCfg = Debug|Win32
		{3381E1E3-C659-4461-9878-FBA37E5E5D12}.Debug|x86.Build.0 = Debug|Win32
		{3381E1E3-C659-4461-9878-FBA37E5E5D12}.Release|x64.ActiveCfg = Release|x64
		{3381E1E3-C659-4461-9878-FBA37E5E5D12}.Release|x64.Build.0 = Release|x64
		{3381E1E3-C659-4461-9878-FBA37E5E5D12}.Release|x86.ActiveCfg = Release|Win32
		{3381E1E3-C659-4461-9878-FBA37E5E5D12}.Release|x86.Build.0 = Release|Win32
		{9B9B07BB-ED7D-4A29-ABEB-8C194535A2C2}.Debug|x64.ActiveCfg = Debug|x64
		{9B9B07BB-ED7D-4A29-ABEB-8C194535A2C2}.Debug|x64.Build.0 = Debug|x64
		{9B9B07BB-ED7D-4A29-ABEB-8C194535A2C2}.Debug|x86.ActiveCfg = Debug|Win32
		{9B9B07BB-ED7D-4A29-ABEB-8C194535A2C2}.Debug|x86.Build.0 = Debug|Win32
		{9B9B07BB-ED7D-4A29-ABEB-8C194535A2C2}.Release|x64.ActiveCfg = Release|x64
		{9B9B07BB-ED7D-4A29-ABEB-8C194535A2C2}.Release|x64.Build.0 = Release|x64
		{9B9B07BB-ED7D-4A29-ABEB-8C194535A2C2}.Release|x86.ActiveCfg = Release|Win32
		{9B9B07BB-ED7D-4A29-ABEB-8C194535A2C2}.Release|x86.Build.0 = Release|Win32
		{9E1348E2-B233-44B0-97B1-B5A8182852AA}.Debug|x64.ActiveCfg = Debug|x64
		{9E1348E2-B233-44B0-97B1-B5A8182852AA}.Debug|x64.Build.0 = Debug|x64
		{9E1348E2-B233-44B0-97B1-B5A8182852AA}.Debug|x86.ActiveCfg = Debug|Win32
		{9E1348E2-B233-44B0-97B1-B5A8182852AA}.Debug|x86.Build.0 = Debug|Win32
		{9E1348E2-B233-44B0-97B1-B5A8182852AA}.Release|x64.ActiveCfg = Release|x64
		{9E1348E2-B233-44B0-97B1-B5A8182852AA}.Release|x64.Build.0 = Release|x64
		{9E1348E2-B233-44B0-97B1-B5A8182852AA}.Release|x86.ActiveCfg = Release|Win32
		{9E1348E2-B233-44B0-97B1-B5A8182852AA}.Release|x86.Build.0 = Release|Win32
		{2FAEB23F-F176-4FFF-89D0-8946BFCD661B}.Debug|x64.ActiveCfg = Debug|x64
		{2FAEB23F-F176-4FFF-89D0-8946BFCD661B}.Debug|x64.Build.0 = Debug|x64
		{2FAEB23F-F176-4FFF-89D0-8946BFCD661B}.Debug|x86.ActiveCfg = Debug|Win32
		{2FAEB23F-F176-4FFF-89D0-8946BFCD661B}.Debug|x86.Build.0 = Debug|Win32
		{2FAEB23F-F176-4FFF-89D0-8946BFCD661B}.Release|x64.ActiveCfg = Release|x64
		{2FAEB23F-F176-4FFF-89D0-8946BFCD661B}.Release|x64.Build.0 = Release|x64
		{2FAEB23F-F176-4FFF-89D0-8946BFCD661B}.Release|x86.ActiveCfg = Release|Win32
		{2FAEB23F-F176-4FFF-89D0-8946BFCD661B}.Release|x86.Build.0 = Release|Win32
		{D42CB55B-6288-4A16-9A57-AB8A6265486B}.Debug|x64.ActiveCfg = Debug|x64
		{D42CB55B-6288-4A16-9A57-AB8A6265486B}.Debug|x64.Build.0 = Debug|x64
		{D42CB55B-6288-4A16-9A57-AB8A6265486B}.Debug|x86.ActiveCfg = Debug|Win32
		{D42CB55B-6288-4A16-9A57-AB8A6265486B}.Debug|x86.Build.0 = Debug|Win32
		{D42CB55B-6288-4A16-9A57-AB8A6265486B}.Release|x64.ActiveCfg = Release|x64
		{D42CB55B-6288-4A16-9A57-AB8A6265486B}.Release|x64.Build.0 = Release|x64
		{D42CB55B-6288-4A16-9A57-AB8A6265486B}.Release|x86.ActiveCfg = Release|Win32
		{D42CB55B-6288-4A16-9A57-AB8A6265486B}.Release|x86.Build.0 = Release|Win32
		{1DE447FD-C5BC-495E-B17A-5232A9E7C8D0}.Debug|x64.ActiveCfg = Debug|x64
		{1DE447FD-C5BC-495E-B17A-5232A9E7C8D0}.Debug|x64.Build.0 = Debug|x64
		{1DE447FD-C5BC-495E-B17A-5232A9E7C8D0}.Debug|x86.ActiveCfg = Debug|Win32
		{1DE447FD-C5BC-495E-B17A-5232A9E7C8D0}.Debug|x86.Build.0 = Debug|Win32
		{1DE447FD-C5BC-495E-B17A-5232A9E7C8D0}.Release|x64.ActiveCfg = Release|x64
		{1DE447FD-C5BC-495E-B17A-5232A9E7C8D0}.Release|x64.Build.0 = Release|x64
		{1DE447FD-C5BC-495E-B17A-5232A9E7C8D0}.Release|x86.ActiveCfg = Release|Win32
		{1DE447FD-C5BC-495E-B17A-5232A9E7C8D0}.Release|x86.Build.0 = Release|Win32
		{03F408E1-5A0F-45B1-8021-28BAB0235020}.Debug|x64.ActiveCfg = Debug|x64
		{03F408E1-5A0F-45B1-8021-28BAB0235020}.Debug|x64.Build.0 = Debug|x64
		{03F408E1-5A0F-45B1-8021-28BAB0235020}.Debug|x86.ActiveCfg = Debug|Win32
		{03F408E1-5A0F-45B1-8021-28BAB0235020}.Debug|x86.Build.0 = Debug|Win32
		{03F408E1-5A0F-45B1-8021-28BAB0235020}.Release|x64.ActiveCfg = Release|x64
		{03F408E1-5A0F-45B1-8021-28BAB0235020}.Release|x64.Build.0 = Release|x64
		{03F408E1-5A0F-45B1-8021-28BAB0235020}.Release|x86.ActiveCfg = Release|Win32
		{03F408E1-5A0F-45B1-8021-28BAB0235020}.Release|x86.Build.0 = Release|Win32
		{C52E6387-AA6F-4CEB-9A0B-FD8FC9BCDF79}.Debug|x64.ActiveCfg = Debug|x64
		{C52E6387-AA6F-4CEB-9A0B-FD8FC9BCDF79}.Debug|x64.Build.0 = Debug|x64
		{C52E6387-AA6F-4CEB-9A0B-FD8FC9BCDF79}.Debug|x86.ActiveCfg = Debug|Win32
		{C52E6387-AA6F-4CEB-9A0B-FD8FC9BCDF79}.Debug|x86.Build.0 = Debug|Win32
		{C52E6387-AA6F-4CEB-9A0B-FD8FC9BCDF79}.Release|x64.ActiveCfg = Release|x64
		{C52E6387-AA6F-4CEB-9A0B-FD8FC9BCDF79}.Release|x64.Build.0 = Release|x64
		{C52E6387-AA6F-4CEB-9A0B-FD8FC9BCDF79}.Release|x86.ActiveCfg = Release|Win32
		{C52E6387-AA6F-4CEB-9A0B-FD8FC9BCDF79}.Release|x86.Build.0 = Release|Win32
	EndGlobalSection
	GlobalSection(SolutionProperties) = preSolution
		HideSolutionNode = FALSE
	EndGlobalSection
	GlobalSection(ExtensibilityGlobals) = postSolution
		SolutionGuid = {C77E0ECC-EC67-45A0-A03D-339E36874F28}
	EndGlobalSection
EndGlobal
