
Microsoft Visual Studio Solution File, Format Version 12.00
# Visual Studio Version 16
VisualStudioVersion = 16.0.31112.23
MinimumVisualStudioVersion = 10.0.40219.1
Project("{8BC9CEB8-8B4A-11D0-8D11-00A0C91BC942}") = "합승택시요금", "합승택시요금\합승택시요금.vcxproj", "{75F90A90-F9A6-4FBE-8B48-1C5BB4C027D1}"
EndProject
Project("{8BC9CEB8-8B4A-11D0-8D11-00A0C91BC942}") = "경주로건설", "경주로건설\경주로건설.vcxproj", "{1D050815-57C3-4B6E-940E-6C2EB4A8618E}"
EndProject
Project("{8BC9CEB8-8B4A-11D0-8D11-00A0C91BC942}") = "매칭점수", "매칭점수\매칭점수.vcxproj", "{4A07AF09-F890-4E21-BA85-4F2BB658E791}"
EndProject
Project("{8BC9CEB8-8B4A-11D0-8D11-00A0C91BC942}") = "길찾기게임", "길찾기게임\길찾기게임.vcxproj", "{E620A676-4171-4400-9683-1694E5AAC82C}"
EndProject
Project("{8BC9CEB8-8B4A-11D0-8D11-00A0C91BC942}") = "셔틀버스", "셔틀버스\셔틀버스.vcxproj", "{04909FD5-6708-4AB1-A6B1-374EB72F70FB}"
EndProject
Project("{8BC9CEB8-8B4A-11D0-8D11-00A0C91BC942}") = "숫자게임", "숫자게임\숫자게임.vcxproj", "{F45335B0-B0B0-45F2-8C2C-AC4453CA5901}"
EndProject
Project("{8BC9CEB8-8B4A-11D0-8D11-00A0C91BC942}") = "기지국설치", "기지국설치\기지국설치.vcxproj", "{92D5EF49-6AFF-4BDA-AE47-B00A2B1BDCC8}"
EndProject
Project("{8BC9CEB8-8B4A-11D0-8D11-00A0C91BC942}") = "스티커 모으기(2)", "스티커 모으기(2)\스티커 모으기(2).vcxproj", "{7093490E-4B8A-4E8D-AFBD-7967436436A1}"
EndProject
Project("{8BC9CEB8-8B4A-11D0-8D11-00A0C91BC942}") = "모두 0으로 만들기", "2\2.vcxproj", "{F3316E57-1346-4E6C-9E22-8FE86E2B509C}"
EndProject
Project("{8BC9CEB8-8B4A-11D0-8D11-00A0C91BC942}") = "N-Queen", "N-Queen\N-Queen.vcxproj", "{3485E05A-E25B-4D5C-A868-FAB3B5CD5118}"
EndProject
Project("{8BC9CEB8-8B4A-11D0-8D11-00A0C91BC942}") = "징검다리 건너기", "징검다리 건너기\징검다리 건너기.vcxproj", "{46ECD1B8-F55A-4215-8C1A-1D534DBB5EAC}"
EndProject
Project("{8BC9CEB8-8B4A-11D0-8D11-00A0C91BC942}") = "하노이의탑", "하노이의탑\하노이의탑.vcxproj", "{37DA81E2-8CF9-4FA1-8E2B-0275D4CE20F9}"
EndProject
Project("{8BC9CEB8-8B4A-11D0-8D11-00A0C91BC942}") = "최고의집합", "최고의집합\최고의집합.vcxproj", "{387948EC-C039-485F-806D-1B7BE697FFCD}"
EndProject
Project("{8BC9CEB8-8B4A-11D0-8D11-00A0C91BC942}") = "베스트앨범", "베스트앨범\베스트앨범.vcxproj", "{FF2C6B67-5D39-4BDE-8D53-BFE9F38477AD}"
EndProject
Project("{8BC9CEB8-8B4A-11D0-8D11-00A0C91BC942}") = "가장 긴 팰린드롬", "가장 긴 팰린드롬\가장 긴 팰린드롬.vcxproj", "{9EC0CAE9-5F81-433B-A2DE-6B876E7C4265}"
EndProject
Project("{8BC9CEB8-8B4A-11D0-8D11-00A0C91BC942}") = "입국심사", "입국심사\입국심사.vcxproj", "{7258869B-02BE-433A-A951-2C3C6DD727B4}"
EndProject
Project("{8BC9CEB8-8B4A-11D0-8D11-00A0C91BC942}") = "순위", "순위\순위.vcxproj", "{3381E1E3-C659-4461-9878-FBA37E5E5D12}"
EndProject
Project("{8BC9CEB8-8B4A-11D0-8D11-00A0C91BC942}") = "기둥과 보 설치", "기둥과 보 설치\기둥과 보 설치.vcxproj", "{9B9B07BB-ED7D-4A29-ABEB-8C194535A2C2}"
EndProject
Project("{8BC9CEB8-8B4A-11D0-8D11-00A0C91BC942}") = "줄서는방법", "줄서는방법\줄서는방법.vcxproj", "{9E1348E2-B233-44B0-97B1-B5A8182852AA}"
EndProject
Project("{8BC9CEB8-8B4A-11D0-8D11-00A0C91BC942}") = "스타수열", "스타수열\스타수열.vcxproj", "{2FAEB23F-F176-4FFF-89D0-8946BFCD661B}"
EndProject
Project("{8BC9CEB8-8B4A-11D0-8D11-00A0C91BC942}") = "불량사용자", "불량사용자\불량사용자.vcxproj", "{D42CB55B-6288-4A16-9A57-AB8A6265486B}"
EndProject
Project("{8BC9CEB8-8B4A-11D0-8D11-00A0C91BC942}") = "외벽점검", "외벽점검\외벽점검.vcxproj", "{1DE447FD-C5BC-495E-B17A-5232A9E7C8D0}"
EndProject
Project("{8BC9CEB8-8B4A-11D0-8D11-00A0C91BC942}") = "괄호변환", "괄호변환\괄호변환.vcxproj", "{03F408E1-5A0F-45B1-8021-28BAB0235020}"
EndProject
Project("{8BC9CEB8-8B4A-11D0-8D11-00A0C91BC942}") = "광고삽입", "광고삽입\광고삽입.vcxproj", "{C52E6387-AA6F-4CEB-9A0B-FD8FC9BCDF79}"
EndProject
Project("{8BC9CEB8-8B4A-11D0-8D11-00A0C91BC942}") = "오픈채팅방", "오픈채팅방\오픈채팅방.vcxproj", "{9DAF8089-ACB9-449F-B713-4849170AFF9F}"
EndProject
Project("{8BC9CEB8-8B4A-11D0-8D11-00A0C91BC942}") = "카드짝 맞추기", "카드짝 맞추기\카드짝 맞추기.vcxproj", "{49543947-32BB-44C3-9C2B-5BC3120E1C7B}"
EndProject
Project("{8BC9CEB8-8B4A-11D0-8D11-00A0C91BC942}") = "블록이동하기", "블록이동하기\블록이동하기.vcxproj", "{49AFD42E-11CF-4075-9DB2-8CB24045A3C1}"
EndProject
Project("{8BC9CEB8-8B4A-11D0-8D11-00A0C91BC942}") = "보행자천국", "보행자천국\보행자천국.vcxproj", "{6F239537-CDE6-4210-8824-13AFF09ED8EA}"
EndProject
Project("{8BC9CEB8-8B4A-11D0-8D11-00A0C91BC942}") = "튜플", "튜플\튜플.vcxproj", "{0E01D692-D4FB-4FAD-9B21-D292B884AD1C}"
EndProject
Project("{8BC9CEB8-8B4A-11D0-8D11-00A0C91BC942}") = "N진수게임", "N진수게임\N진수게임.vcxproj", "{183C060F-9F4B-4F11-8CFA-6F62BBC175AD}"
EndProject
Project("{8BC9CEB8-8B4A-11D0-8D11-00A0C91BC942}") = "후보키", "후보키\후보키.vcxproj", "{E6A87410-9966-401B-9881-5894124C8BB0}"
EndProject
Project("{8BC9CEB8-8B4A-11D0-8D11-00A0C91BC942}") = "순위검색", "순위검색\순위검색.vcxproj", "{B52E4C8C-75A5-4EC8-9BBA-6C98B08F25D9}"
EndProject
Project("{8BC9CEB8-8B4A-11D0-8D11-00A0C91BC942}") = "큰 수 만들기", "큰 수 만들기\큰 수 만들기.vcxproj", "{1DF23D08-03EE-44CE-AD45-96FBCBB2BA44}"
EndProject
Project("{8BC9CEB8-8B4A-11D0-8D11-00A0C91BC942}") = "위장", "위장\위장.vcxproj", "{377A74B0-3CCD-472D-B292-D97902B90379}"
EndProject
Project("{8BC9CEB8-8B4A-11D0-8D11-00A0C91BC942}") = "가장 큰 정사각형", "가장 큰 정사각형\가장 큰 정사각형.vcxproj", "{FF21BD2F-DDCF-4E3A-908C-E510B156F197}"
EndProject
Project("{8BC9CEB8-8B4A-11D0-8D11-00A0C91BC942}") = "단체 사진 찍기", "단체 사진 찍기\단체 사진 찍기.vcxproj", "{E78780DA-C926-4F57-90E8-D19855718424}"
EndProject
Project("{8BC9CEB8-8B4A-11D0-8D11-00A0C91BC942}") = "땅따먹기", "땅따먹기\땅따먹기.vcxproj", "{EE27EF7B-F4B0-4730-A282-E16D91EF1D13}"
EndProject
Project("{8BC9CEB8-8B4A-11D0-8D11-00A0C91BC942}") = "게임 맵 최단 거리", "게임 맵 최단 거리\게임 맵 최단 거리.vcxproj", "{26147931-6E7E-4202-98B2-AA7AC1023E29}"
EndProject
Project("{8BC9CEB8-8B4A-11D0-8D11-00A0C91BC942}") = "배달", "배달\배달.vcxproj", "{067BEE23-010D-4C30-92DB-3F94329C329B}"
EndProject
Project("{8BC9CEB8-8B4A-11D0-8D11-00A0C91BC942}") = "쿼드압축 후 개수 세기", "쿼드압축 후 개수 세기\쿼드압축 후 개수 세기.vcxproj", "{A229EE13-A62F-438A-A2BC-3BCECA2D4371}"
EndProject
Project("{8BC9CEB8-8B4A-11D0-8D11-00A0C91BC942}") = "삼각달팽이", "삼각달팽이\삼각달팽이.vcxproj", "{54A40370-A724-43A1-ABC8-5D3D6C98E09F}"
EndProject
Project("{8BC9CEB8-8B4A-11D0-8D11-00A0C91BC942}") = "멀쩡한 사각형", "멀쩡한 사각형\멀쩡한 사각형.vcxproj", "{A55FC6D4-688F-4B17-94A4-B80AE8CC8E7F}"
EndProject
Project("{8BC9CEB8-8B4A-11D0-8D11-00A0C91BC942}") = "괄호 회전하기", "괄호 회전하기\괄호 회전하기.vcxproj", "{8D16E7D1-8B3C-45AB-A0D2-1A07B296B37F}"
EndProject
Project("{8BC9CEB8-8B4A-11D0-8D11-00A0C91BC942}") = "짝지어 제거하기", "짝지어 제거하기\짝지어 제거하기.vcxproj", "{62FE772B-8CAA-4B77-9F1C-BC79E12C7F70}"
EndProject
Project("{8BC9CEB8-8B4A-11D0-8D11-00A0C91BC942}") = "행렬 테두리 회전하기", "행렬 테두리 회전하기\행렬 테두리 회전하기.vcxproj", "{86A16C19-88BE-426B-A0EA-3CB3504A77D6}"
EndProject
Project("{8BC9CEB8-8B4A-11D0-8D11-00A0C91BC942}") = "수식최대화", "수식최대화\수식최대화.vcxproj", "{1F12E11E-CAA4-485B-8178-EE2ABFA315CC}"
EndProject
Project("{8BC9CEB8-8B4A-11D0-8D11-00A0C91BC942}") = "뉴스 클러스터링", "뉴스 클러스터링\뉴스 클러스터링.vcxproj", "{15B7BBA6-A7E8-45D2-BDAE-BF15BD05DA64}"
EndProject
Project("{8BC9CEB8-8B4A-11D0-8D11-00A0C91BC942}") = "프렌지4블록", "프렌지4블록\프렌지4블록.vcxproj", "{0D6403C4-7CDA-4913-8418-F5960E37F220}"
EndProject
Project("{8BC9CEB8-8B4A-11D0-8D11-00A0C91BC942}") = "캐시", "캐시\캐시.vcxproj", "{6530BC69-D5BF-42F2-800B-9E1D76246337}"
EndProject
Project("{8BC9CEB8-8B4A-11D0-8D11-00A0C91BC942}") = "매출 하락 최소화", "매출 하락 최소화\매출 하락 최소화.vcxproj", "{2DABA534-18F2-4021-A1E7-4BCC306BA3DF}"
EndProject
Project("{8BC9CEB8-8B4A-11D0-8D11-00A0C91BC942}") = "방금그곡", "방금그곡\방금그곡.vcxproj", "{8CA180FF-1DB9-4586-942F-51E53A1FF446}"
EndProject
Project("{8BC9CEB8-8B4A-11D0-8D11-00A0C91BC942}") = "파일명 정렬", "파일명 정렬\파일명 정렬.vcxproj", "{287CC7DC-FF91-484B-B57F-8021E9E8B5E1}"
EndProject
Project("{8BC9CEB8-8B4A-11D0-8D11-00A0C91BC942}") = "야근지수", "야근지수\야근지수.vcxproj", "{D32DCE98-BD1E-4B5F-945A-46C342F2838C}"
EndProject
Global
	GlobalSection(SolutionConfigurationPlatforms) = preSolution
		Debug|x64 = Debug|x64
		Debug|x86 = Debug|x86
		Release|x64 = Release|x64
		Release|x86 = Release|x86
	EndGlobalSection
	GlobalSection(ProjectConfigurationPlatforms) = postSolution
		{75F90A90-F9A6-4FBE-8B48-1C5BB4C027D1}.Debug|x64.ActiveCfg = Debug|x64
		{75F90A90-F9A6-4FBE-8B48-1C5BB4C027D1}.Debug|x64.Build.0 = Debug|x64
		{75F90A90-F9A6-4FBE-8B48-1C5BB4C027D1}.Debug|x86.ActiveCfg = Debug|Win32
		{75F90A90-F9A6-4FBE-8B48-1C5BB4C027D1}.Debug|x86.Build.0 = Debug|Win32
		{75F90A90-F9A6-4FBE-8B48-1C5BB4C027D1}.Release|x64.ActiveCfg = Release|x64
		{75F90A90-F9A6-4FBE-8B48-1C5BB4C027D1}.Release|x64.Build.0 = Release|x64
		{75F90A90-F9A6-4FBE-8B48-1C5BB4C027D1}.Release|x86.ActiveCfg = Release|Win32
		{75F90A90-F9A6-4FBE-8B48-1C5BB4C027D1}.Release|x86.Build.0 = Release|Win32
		{1D050815-57C3-4B6E-940E-6C2EB4A8618E}.Debug|x64.ActiveCfg = Debug|x64
		{1D050815-57C3-4B6E-940E-6C2EB4A8618E}.Debug|x64.Build.0 = Debug|x64
		{1D050815-57C3-4B6E-940E-6C2EB4A8618E}.Debug|x86.ActiveCfg = Debug|Win32
		{1D050815-57C3-4B6E-940E-6C2EB4A8618E}.Debug|x86.Build.0 = Debug|Win32
		{1D050815-57C3-4B6E-940E-6C2EB4A8618E}.Release|x64.ActiveCfg = Release|x64
		{1D050815-57C3-4B6E-940E-6C2EB4A8618E}.Release|x64.Build.0 = Release|x64
		{1D050815-57C3-4B6E-940E-6C2EB4A8618E}.Release|x86.ActiveCfg = Release|Win32
		{1D050815-57C3-4B6E-940E-6C2EB4A8618E}.Release|x86.Build.0 = Release|Win32
		{4A07AF09-F890-4E21-BA85-4F2BB658E791}.Debug|x64.ActiveCfg = Debug|x64
		{4A07AF09-F890-4E21-BA85-4F2BB658E791}.Debug|x64.Build.0 = Debug|x64
		{4A07AF09-F890-4E21-BA85-4F2BB658E791}.Debug|x86.ActiveCfg = Debug|Win32
		{4A07AF09-F890-4E21-BA85-4F2BB658E791}.Debug|x86.Build.0 = Debug|Win32
		{4A07AF09-F890-4E21-BA85-4F2BB658E791}.Release|x64.ActiveCfg = Release|x64
		{4A07AF09-F890-4E21-BA85-4F2BB658E791}.Release|x64.Build.0 = Release|x64
		{4A07AF09-F890-4E21-BA85-4F2BB658E791}.Release|x86.ActiveCfg = Release|Win32
		{4A07AF09-F890-4E21-BA85-4F2BB658E791}.Release|x86.Build.0 = Release|Win32
		{E620A676-4171-4400-9683-1694E5AAC82C}.Debug|x64.ActiveCfg = Debug|x64
		{E620A676-4171-4400-9683-1694E5AAC82C}.Debug|x64.Build.0 = Debug|x64
		{E620A676-4171-4400-9683-1694E5AAC82C}.Debug|x86.ActiveCfg = Debug|Win32
		{E620A676-4171-4400-9683-1694E5AAC82C}.Debug|x86.Build.0 = Debug|Win32
		{E620A676-4171-4400-9683-1694E5AAC82C}.Release|x64.ActiveCfg = Release|x64
		{E620A676-4171-4400-9683-1694E5AAC82C}.Release|x64.Build.0 = Release|x64
		{E620A676-4171-4400-9683-1694E5AAC82C}.Release|x86.ActiveCfg = Release|Win32
		{E620A676-4171-4400-9683-1694E5AAC82C}.Release|x86.Build.0 = Release|Win32
		{04909FD5-6708-4AB1-A6B1-374EB72F70FB}.Debug|x64.ActiveCfg = Debug|x64
		{04909FD5-6708-4AB1-A6B1-374EB72F70FB}.Debug|x64.Build.0 = Debug|x64
		{04909FD5-6708-4AB1-A6B1-374EB72F70FB}.Debug|x86.ActiveCfg = Debug|Win32
		{04909FD5-6708-4AB1-A6B1-374EB72F70FB}.Debug|x86.Build.0 = Debug|Win32
		{04909FD5-6708-4AB1-A6B1-374EB72F70FB}.Release|x64.ActiveCfg = Release|x64
		{04909FD5-6708-4AB1-A6B1-374EB72F70FB}.Release|x64.Build.0 = Release|x64
		{04909FD5-6708-4AB1-A6B1-374EB72F70FB}.Release|x86.ActiveCfg = Release|Win32
		{04909FD5-6708-4AB1-A6B1-374EB72F70FB}.Release|x86.Build.0 = Release|Win32
		{F45335B0-B0B0-45F2-8C2C-AC4453CA5901}.Debug|x64.ActiveCfg = Debug|x64
		{F45335B0-B0B0-45F2-8C2C-AC4453CA5901}.Debug|x64.Build.0 = Debug|x64
		{F45335B0-B0B0-45F2-8C2C-AC4453CA5901}.Debug|x86.ActiveCfg = Debug|Win32
		{F45335B0-B0B0-45F2-8C2C-AC4453CA5901}.Debug|x86.Build.0 = Debug|Win32
		{F45335B0-B0B0-45F2-8C2C-AC4453CA5901}.Release|x64.ActiveCfg = Release|x64
		{F45335B0-B0B0-45F2-8C2C-AC4453CA5901}.Release|x64.Build.0 = Release|x64
		{F45335B0-B0B0-45F2-8C2C-AC4453CA5901}.Release|x86.ActiveCfg = Release|Win32
		{F45335B0-B0B0-45F2-8C2C-AC4453CA5901}.Release|x86.Build.0 = Release|Win32
		{92D5EF49-6AFF-4BDA-AE47-B00A2B1BDCC8}.Debug|x64.ActiveCfg = Debug|x64
		{92D5EF49-6AFF-4BDA-AE47-B00A2B1BDCC8}.Debug|x64.Build.0 = Debug|x64
		{92D5EF49-6AFF-4BDA-AE47-B00A2B1BDCC8}.Debug|x86.ActiveCfg = Debug|Win32
		{92D5EF49-6AFF-4BDA-AE47-B00A2B1BDCC8}.Debug|x86.Build.0 = Debug|Win32
		{92D5EF49-6AFF-4BDA-AE47-B00A2B1BDCC8}.Release|x64.ActiveCfg = Release|x64
		{92D5EF49-6AFF-4BDA-AE47-B00A2B1BDCC8}.Release|x64.Build.0 = Release|x64
		{92D5EF49-6AFF-4BDA-AE47-B00A2B1BDCC8}.Release|x86.ActiveCfg = Release|Win32
		{92D5EF49-6AFF-4BDA-AE47-B00A2B1BDCC8}.Release|x86.Build.0 = Release|Win32
		{7093490E-4B8A-4E8D-AFBD-7967436436A1}.Debug|x64.ActiveCfg = Debug|x64
		{7093490E-4B8A-4E8D-AFBD-7967436436A1}.Debug|x64.Build.0 = Debug|x64
		{7093490E-4B8A-4E8D-AFBD-7967436436A1}.Debug|x86.ActiveCfg = Debug|Win32
		{7093490E-4B8A-4E8D-AFBD-7967436436A1}.Debug|x86.Build.0 = Debug|Win32
		{7093490E-4B8A-4E8D-AFBD-7967436436A1}.Release|x64.ActiveCfg = Release|x64
		{7093490E-4B8A-4E8D-AFBD-7967436436A1}.Release|x64.Build.0 = Release|x64
		{7093490E-4B8A-4E8D-AFBD-7967436436A1}.Release|x86.ActiveCfg = Release|Win32
		{7093490E-4B8A-4E8D-AFBD-7967436436A1}.Release|x86.Build.0 = Release|Win32
		{F3316E57-1346-4E6C-9E22-8FE86E2B509C}.Debug|x64.ActiveCfg = Debug|x64
		{F3316E57-1346-4E6C-9E22-8FE86E2B509C}.Debug|x64.Build.0 = Debug|x64
		{F3316E57-1346-4E6C-9E22-8FE86E2B509C}.Debug|x86.ActiveCfg = Debug|Win32
		{F3316E57-1346-4E6C-9E22-8FE86E2B509C}.Debug|x86.Build.0 = Debug|Win32
		{F3316E57-1346-4E6C-9E22-8FE86E2B509C}.Release|x64.ActiveCfg = Release|x64
		{F3316E57-1346-4E6C-9E22-8FE86E2B509C}.Release|x64.Build.0 = Release|x64
		{F3316E57-1346-4E6C-9E22-8FE86E2B509C}.Release|x86.ActiveCfg = Release|Win32
		{F3316E57-1346-4E6C-9E22-8FE86E2B509C}.Release|x86.Build.0 = Release|Win32
		{3485E05A-E25B-4D5C-A868-FAB3B5CD5118}.Debug|x64.ActiveCfg = Debug|x64
		{3485E05A-E25B-4D5C-A868-FAB3B5CD5118}.Debug|x64.Build.0 = Debug|x64
		{3485E05A-E25B-4D5C-A868-FAB3B5CD5118}.Debug|x86.ActiveCfg = Debug|Win32
		{3485E05A-E25B-4D5C-A868-FAB3B5CD5118}.Debug|x86.Build.0 = Debug|Win32
		{3485E05A-E25B-4D5C-A868-FAB3B5CD5118}.Release|x64.ActiveCfg = Release|x64
		{3485E05A-E25B-4D5C-A868-FAB3B5CD5118}.Release|x64.Build.0 = Release|x64
		{3485E05A-E25B-4D5C-A868-FAB3B5CD5118}.Release|x86.ActiveCfg = Release|Win32
		{3485E05A-E25B-4D5C-A868-FAB3B5CD5118}.Release|x86.Build.0 = Release|Win32
		{46ECD1B8-F55A-4215-8C1A-1D534DBB5EAC}.Debug|x64.ActiveCfg = Debug|x64
		{46ECD1B8-F55A-4215-8C1A-1D534DBB5EAC}.Debug|x64.Build.0 = Debug|x64
		{46ECD1B8-F55A-4215-8C1A-1D534DBB5EAC}.Debug|x86.ActiveCfg = Debug|Win32
		{46ECD1B8-F55A-4215-8C1A-1D534DBB5EAC}.Debug|x86.Build.0 = Debug|Win32
		{46ECD1B8-F55A-4215-8C1A-1D534DBB5EAC}.Release|x64.ActiveCfg = Release|x64
		{46ECD1B8-F55A-4215-8C1A-1D534DBB5EAC}.Release|x64.Build.0 = Release|x64
		{46ECD1B8-F55A-4215-8C1A-1D534DBB5EAC}.Release|x86.ActiveCfg = Release|Win32
		{46ECD1B8-F55A-4215-8C1A-1D534DBB5EAC}.Release|x86.Build.0 = Release|Win32
		{37DA81E2-8CF9-4FA1-8E2B-0275D4CE20F9}.Debug|x64.ActiveCfg = Debug|x64
		{37DA81E2-8CF9-4FA1-8E2B-0275D4CE20F9}.Debug|x64.Build.0 = Debug|x64
		{37DA81E2-8CF9-4FA1-8E2B-0275D4CE20F9}.Debug|x86.ActiveCfg = Debug|Win32
		{37DA81E2-8CF9-4FA1-8E2B-0275D4CE20F9}.Debug|x86.Build.0 = Debug|Win32
		{37DA81E2-8CF9-4FA1-8E2B-0275D4CE20F9}.Release|x64.ActiveCfg = Release|x64
		{37DA81E2-8CF9-4FA1-8E2B-0275D4CE20F9}.Release|x64.Build.0 = Release|x64
		{37DA81E2-8CF9-4FA1-8E2B-0275D4CE20F9}.Release|x86.ActiveCfg = Release|Win32
		{37DA81E2-8CF9-4FA1-8E2B-0275D4CE20F9}.Release|x86.Build.0 = Release|Win32
		{387948EC-C039-485F-806D-1B7BE697FFCD}.Debug|x64.ActiveCfg = Debug|x64
		{387948EC-C039-485F-806D-1B7BE697FFCD}.Debug|x64.Build.0 = Debug|x64
		{387948EC-C039-485F-806D-1B7BE697FFCD}.Debug|x86.ActiveCfg = Debug|Win32
		{387948EC-C039-485F-806D-1B7BE697FFCD}.Debug|x86.Build.0 = Debug|Win32
		{387948EC-C039-485F-806D-1B7BE697FFCD}.Release|x64.ActiveCfg = Release|x64
		{387948EC-C039-485F-806D-1B7BE697FFCD}.Release|x64.Build.0 = Release|x64
		{387948EC-C039-485F-806D-1B7BE697FFCD}.Release|x86.ActiveCfg = Release|Win32
		{387948EC-C039-485F-806D-1B7BE697FFCD}.Release|x86.Build.0 = Release|Win32
		{FF2C6B67-5D39-4BDE-8D53-BFE9F38477AD}.Debug|x64.ActiveCfg = Debug|x64
		{FF2C6B67-5D39-4BDE-8D53-BFE9F38477AD}.Debug|x64.Build.0 = Debug|x64
		{FF2C6B67-5D39-4BDE-8D53-BFE9F38477AD}.Debug|x86.ActiveCfg = Debug|Win32
		{FF2C6B67-5D39-4BDE-8D53-BFE9F38477AD}.Debug|x86.Build.0 = Debug|Win32
		{FF2C6B67-5D39-4BDE-8D53-BFE9F38477AD}.Release|x64.ActiveCfg = Release|x64
		{FF2C6B67-5D39-4BDE-8D53-BFE9F38477AD}.Release|x64.Build.0 = Release|x64
		{FF2C6B67-5D39-4BDE-8D53-BFE9F38477AD}.Release|x86.ActiveCfg = Release|Win32
		{FF2C6B67-5D39-4BDE-8D53-BFE9F38477AD}.Release|x86.Build.0 = Release|Win32
		{9EC0CAE9-5F81-433B-A2DE-6B876E7C4265}.Debug|x64.ActiveCfg = Debug|x64
		{9EC0CAE9-5F81-433B-A2DE-6B876E7C4265}.Debug|x64.Build.0 = Debug|x64
		{9EC0CAE9-5F81-433B-A2DE-6B876E7C4265}.Debug|x86.ActiveCfg = Debug|Win32
		{9EC0CAE9-5F81-433B-A2DE-6B876E7C4265}.Debug|x86.Build.0 = Debug|Win32
		{9EC0CAE9-5F81-433B-A2DE-6B876E7C4265}.Release|x64.ActiveCfg = Release|x64
		{9EC0CAE9-5F81-433B-A2DE-6B876E7C4265}.Release|x64.Build.0 = Release|x64
		{9EC0CAE9-5F81-433B-A2DE-6B876E7C4265}.Release|x86.ActiveCfg = Release|Win32
		{9EC0CAE9-5F81-433B-A2DE-6B876E7C4265}.Release|x86.Build.0 = Release|Win32
		{7258869B-02BE-433A-A951-2C3C6DD727B4}.Debug|x64.ActiveCfg = Debug|x64
		{7258869B-02BE-433A-A951-2C3C6DD727B4}.Debug|x64.Build.0 = Debug|x64
		{7258869B-02BE-433A-A951-2C3C6DD727B4}.Debug|x86.ActiveCfg = Debug|Win32
		{7258869B-02BE-433A-A951-2C3C6DD727B4}.Debug|x86.Build.0 = Debug|Win32
		{7258869B-02BE-433A-A951-2C3C6DD727B4}.Release|x64.ActiveCfg = Release|x64
		{7258869B-02BE-433A-A951-2C3C6DD727B4}.Release|x64.Build.0 = Release|x64
		{7258869B-02BE-433A-A951-2C3C6DD727B4}.Release|x86.ActiveCfg = Release|Win32
		{7258869B-02BE-433A-A951-2C3C6DD727B4}.Release|x86.Build.0 = Release|Win32
		{3381E1E3-C659-4461-9878-FBA37E5E5D12}.Debug|x64.ActiveCfg = Debug|x64
		{3381E1E3-C659-4461-9878-FBA37E5E5D12}.Debug|x64.Build.0 = Debug|x64
		{3381E1E3-C659-4461-9878-FBA37E5E5D12}.Debug|x86.ActiveCfg = Debug|Win32
		{3381E1E3-C659-4461-9878-FBA37E5E5D12}.Debug|x86.Build.0 = Debug|Win32
		{3381E1E3-C659-4461-9878-FBA37E5E5D12}.Release|x64.ActiveCfg = Release|x64
		{3381E1E3-C659-4461-9878-FBA37E5E5D12}.Release|x64.Build.0 = Release|x64
		{3381E1E3-C659-4461-9878-FBA37E5E5D12}.Release|x86.ActiveCfg = Release|Win32
		{3381E1E3-C659-4461-9878-FBA37E5E5D12}.Release|x86.Build.0 = Release|Win32
		{9B9B07BB-ED7D-4A29-ABEB-8C194535A2C2}.Debug|x64.ActiveCfg = Debug|x64
		{9B9B07BB-ED7D-4A29-ABEB-8C194535A2C2}.Debug|x64.Build.0 = Debug|x64
		{9B9B07BB-ED7D-4A29-ABEB-8C194535A2C2}.Debug|x86.ActiveCfg = Debug|Win32
		{9B9B07BB-ED7D-4A29-ABEB-8C194535A2C2}.Debug|x86.Build.0 = Debug|Win32
		{9B9B07BB-ED7D-4A29-ABEB-8C194535A2C2}.Release|x64.ActiveCfg = Release|x64
		{9B9B07BB-ED7D-4A29-ABEB-8C194535A2C2}.Release|x64.Build.0 = Release|x64
		{9B9B07BB-ED7D-4A29-ABEB-8C194535A2C2}.Release|x86.ActiveCfg = Release|Win32
		{9B9B07BB-ED7D-4A29-ABEB-8C194535A2C2}.Release|x86.Build.0 = Release|Win32
		{9E1348E2-B233-44B0-97B1-B5A8182852AA}.Debug|x64.ActiveCfg = Debug|x64
		{9E1348E2-B233-44B0-97B1-B5A8182852AA}.Debug|x64.Build.0 = Debug|x64
		{9E1348E2-B233-44B0-97B1-B5A8182852AA}.Debug|x86.ActiveCfg = Debug|Win32
		{9E1348E2-B233-44B0-97B1-B5A8182852AA}.Debug|x86.Build.0 = Debug|Win32
		{9E1348E2-B233-44B0-97B1-B5A8182852AA}.Release|x64.ActiveCfg = Release|x64
		{9E1348E2-B233-44B0-97B1-B5A8182852AA}.Release|x64.Build.0 = Release|x64
		{9E1348E2-B233-44B0-97B1-B5A8182852AA}.Release|x86.ActiveCfg = Release|Win32
		{9E1348E2-B233-44B0-97B1-B5A8182852AA}.Release|x86.Build.0 = Release|Win32
		{2FAEB23F-F176-4FFF-89D0-8946BFCD661B}.Debug|x64.ActiveCfg = Debug|x64
		{2FAEB23F-F176-4FFF-89D0-8946BFCD661B}.Debug|x64.Build.0 = Debug|x64
		{2FAEB23F-F176-4FFF-89D0-8946BFCD661B}.Debug|x86.ActiveCfg = Debug|Win32
		{2FAEB23F-F176-4FFF-89D0-8946BFCD661B}.Debug|x86.Build.0 = Debug|Win32
		{2FAEB23F-F176-4FFF-89D0-8946BFCD661B}.Release|x64.ActiveCfg = Release|x64
		{2FAEB23F-F176-4FFF-89D0-8946BFCD661B}.Release|x64.Build.0 = Release|x64
		{2FAEB23F-F176-4FFF-89D0-8946BFCD661B}.Release|x86.ActiveCfg = Release|Win32
		{2FAEB23F-F176-4FFF-89D0-8946BFCD661B}.Release|x86.Build.0 = Release|Win32
		{D42CB55B-6288-4A16-9A57-AB8A6265486B}.Debug|x64.ActiveCfg = Debug|x64
		{D42CB55B-6288-4A16-9A57-AB8A6265486B}.Debug|x64.Build.0 = Debug|x64
		{D42CB55B-6288-4A16-9A57-AB8A6265486B}.Debug|x86.ActiveCfg = Debug|Win32
		{D42CB55B-6288-4A16-9A57-AB8A6265486B}.Debug|x86.Build.0 = Debug|Win32
		{D42CB55B-6288-4A16-9A57-AB8A6265486B}.Release|x64.ActiveCfg = Release|x64
		{D42CB55B-6288-4A16-9A57-AB8A6265486B}.Release|x64.Build.0 = Release|x64
		{D42CB55B-6288-4A16-9A57-AB8A6265486B}.Release|x86.ActiveCfg = Release|Win32
		{D42CB55B-6288-4A16-9A57-AB8A6265486B}.Release|x86.Build.0 = Release|Win32
		{1DE447FD-C5BC-495E-B17A-5232A9E7C8D0}.Debug|x64.ActiveCfg = Debug|x64
		{1DE447FD-C5BC-495E-B17A-5232A9E7C8D0}.Debug|x64.Build.0 = Debug|x64
		{1DE447FD-C5BC-495E-B17A-5232A9E7C8D0}.Debug|x86.ActiveCfg = Debug|Win32
		{1DE447FD-C5BC-495E-B17A-5232A9E7C8D0}.Debug|x86.Build.0 = Debug|Win32
		{1DE447FD-C5BC-495E-B17A-5232A9E7C8D0}.Release|x64.ActiveCfg = Release|x64
		{1DE447FD-C5BC-495E-B17A-5232A9E7C8D0}.Release|x64.Build.0 = Release|x64
		{1DE447FD-C5BC-495E-B17A-5232A9E7C8D0}.Release|x86.ActiveCfg = Release|Win32
		{1DE447FD-C5BC-495E-B17A-5232A9E7C8D0}.Release|x86.Build.0 = Release|Win32
		{03F408E1-5A0F-45B1-8021-28BAB0235020}.Debug|x64.ActiveCfg = Debug|x64
		{03F408E1-5A0F-45B1-8021-28BAB0235020}.Debug|x64.Build.0 = Debug|x64
		{03F408E1-5A0F-45B1-8021-28BAB0235020}.Debug|x86.ActiveCfg = Debug|Win32
		{03F408E1-5A0F-45B1-8021-28BAB0235020}.Debug|x86.Build.0 = Debug|Win32
		{03F408E1-5A0F-45B1-8021-28BAB0235020}.Release|x64.ActiveCfg = Release|x64
		{03F408E1-5A0F-45B1-8021-28BAB0235020}.Release|x64.Build.0 = Release|x64
		{03F408E1-5A0F-45B1-8021-28BAB0235020}.Release|x86.ActiveCfg = Release|Win32
		{03F408E1-5A0F-45B1-8021-28BAB0235020}.Release|x86.Build.0 = Release|Win32
		{C52E6387-AA6F-4CEB-9A0B-FD8FC9BCDF79}.Debug|x64.ActiveCfg = Debug|x64
		{C52E6387-AA6F-4CEB-9A0B-FD8FC9BCDF79}.Debug|x64.Build.0 = Debug|x64
		{C52E6387-AA6F-4CEB-9A0B-FD8FC9BCDF79}.Debug|x86.ActiveCfg = Debug|Win32
		{C52E6387-AA6F-4CEB-9A0B-FD8FC9BCDF79}.Debug|x86.Build.0 = Debug|Win32
		{C52E6387-AA6F-4CEB-9A0B-FD8FC9BCDF79}.Release|x64.ActiveCfg = Release|x64
		{C52E6387-AA6F-4CEB-9A0B-FD8FC9BCDF79}.Release|x64.Build.0 = Release|x64
		{C52E6387-AA6F-4CEB-9A0B-FD8FC9BCDF79}.Release|x86.ActiveCfg = Release|Win32
		{C52E6387-AA6F-4CEB-9A0B-FD8FC9BCDF79}.Release|x86.Build.0 = Release|Win32
		{9DAF8089-ACB9-449F-B713-4849170AFF9F}.Debug|x64.ActiveCfg = Debug|x64
		{9DAF8089-ACB9-449F-B713-4849170AFF9F}.Debug|x64.Build.0 = Debug|x64
		{9DAF8089-ACB9-449F-B713-4849170AFF9F}.Debug|x86.ActiveCfg = Debug|Win32
		{9DAF8089-ACB9-449F-B713-4849170AFF9F}.Debug|x86.Build.0 = Debug|Win32
		{9DAF8089-ACB9-449F-B713-4849170AFF9F}.Release|x64.ActiveCfg = Release|x64
		{9DAF8089-ACB9-449F-B713-4849170AFF9F}.Release|x64.Build.0 = Release|x64
		{9DAF8089-ACB9-449F-B713-4849170AFF9F}.Release|x86.ActiveCfg = Release|Win32
		{9DAF8089-ACB9-449F-B713-4849170AFF9F}.Release|x86.Build.0 = Release|Win32
		{49543947-32BB-44C3-9C2B-5BC3120E1C7B}.Debug|x64.ActiveCfg = Debug|x64
		{49543947-32BB-44C3-9C2B-5BC3120E1C7B}.Debug|x64.Build.0 = Debug|x64
		{49543947-32BB-44C3-9C2B-5BC3120E1C7B}.Debug|x86.ActiveCfg = Debug|Win32
		{49543947-32BB-44C3-9C2B-5BC3120E1C7B}.Debug|x86.Build.0 = Debug|Win32
		{49543947-32BB-44C3-9C2B-5BC3120E1C7B}.Release|x64.ActiveCfg = Release|x64
		{49543947-32BB-44C3-9C2B-5BC3120E1C7B}.Release|x64.Build.0 = Release|x64
		{49543947-32BB-44C3-9C2B-5BC3120E1C7B}.Release|x86.ActiveCfg = Release|Win32
		{49543947-32BB-44C3-9C2B-5BC3120E1C7B}.Release|x86.Build.0 = Release|Win32
		{49AFD42E-11CF-4075-9DB2-8CB24045A3C1}.Debug|x64.ActiveCfg = Debug|x64
		{49AFD42E-11CF-4075-9DB2-8CB24045A3C1}.Debug|x64.Build.0 = Debug|x64
		{49AFD42E-11CF-4075-9DB2-8CB24045A3C1}.Debug|x86.ActiveCfg = Debug|Win32
		{49AFD42E-11CF-4075-9DB2-8CB24045A3C1}.Debug|x86.Build.0 = Debug|Win32
		{49AFD42E-11CF-4075-9DB2-8CB24045A3C1}.Release|x64.ActiveCfg = Release|x64
		{49AFD42E-11CF-4075-9DB2-8CB24045A3C1}.Release|x64.Build.0 = Release|x64
		{49AFD42E-11CF-4075-9DB2-8CB24045A3C1}.Release|x86.ActiveCfg = Release|Win32
		{49AFD42E-11CF-4075-9DB2-8CB24045A3C1}.Release|x86.Build.0 = Release|Win32
		{6F239537-CDE6-4210-8824-13AFF09ED8EA}.Debug|x64.ActiveCfg = Debug|x64
		{6F239537-CDE6-4210-8824-13AFF09ED8EA}.Debug|x64.Build.0 = Debug|x64
		{6F239537-CDE6-4210-8824-13AFF09ED8EA}.Debug|x86.ActiveCfg = Debug|Win32
		{6F239537-CDE6-4210-8824-13AFF09ED8EA}.Debug|x86.Build.0 = Debug|Win32
		{6F239537-CDE6-4210-8824-13AFF09ED8EA}.Release|x64.ActiveCfg = Release|x64
		{6F239537-CDE6-4210-8824-13AFF09ED8EA}.Release|x64.Build.0 = Release|x64
		{6F239537-CDE6-4210-8824-13AFF09ED8EA}.Release|x86.ActiveCfg = Release|Win32
		{6F239537-CDE6-4210-8824-13AFF09ED8EA}.Release|x86.Build.0 = Release|Win32
		{0E01D692-D4FB-4FAD-9B21-D292B884AD1C}.Debug|x64.ActiveCfg = Debug|x64
		{0E01D692-D4FB-4FAD-9B21-D292B884AD1C}.Debug|x64.Build.0 = Debug|x64
		{0E01D692-D4FB-4FAD-9B21-D292B884AD1C}.Debug|x86.ActiveCfg = Debug|Win32
		{0E01D692-D4FB-4FAD-9B21-D292B884AD1C}.Debug|x86.Build.0 = Debug|Win32
		{0E01D692-D4FB-4FAD-9B21-D292B884AD1C}.Release|x64.ActiveCfg = Release|x64
		{0E01D692-D4FB-4FAD-9B21-D292B884AD1C}.Release|x64.Build.0 = Release|x64
		{0E01D692-D4FB-4FAD-9B21-D292B884AD1C}.Release|x86.ActiveCfg = Release|Win32
		{0E01D692-D4FB-4FAD-9B21-D292B884AD1C}.Release|x86.Build.0 = Release|Win32
		{183C060F-9F4B-4F11-8CFA-6F62BBC175AD}.Debug|x64.ActiveCfg = Debug|x64
		{183C060F-9F4B-4F11-8CFA-6F62BBC175AD}.Debug|x64.Build.0 = Debug|x64
		{183C060F-9F4B-4F11-8CFA-6F62BBC175AD}.Debug|x86.ActiveCfg = Debug|Win32
		{183C060F-9F4B-4F11-8CFA-6F62BBC175AD}.Debug|x86.Build.0 = Debug|Win32
		{183C060F-9F4B-4F11-8CFA-6F62BBC175AD}.Release|x64.ActiveCfg = Release|x64
		{183C060F-9F4B-4F11-8CFA-6F62BBC175AD}.Release|x64.Build.0 = Release|x64
		{183C060F-9F4B-4F11-8CFA-6F62BBC175AD}.Release|x86.ActiveCfg = Release|Win32
		{183C060F-9F4B-4F11-8CFA-6F62BBC175AD}.Release|x86.Build.0 = Release|Win32
		{E6A87410-9966-401B-9881-5894124C8BB0}.Debug|x64.ActiveCfg = Debug|x64
		{E6A87410-9966-401B-9881-5894124C8BB0}.Debug|x64.Build.0 = Debug|x64
		{E6A87410-9966-401B-9881-5894124C8BB0}.Debug|x86.ActiveCfg = Debug|Win32
		{E6A87410-9966-401B-9881-5894124C8BB0}.Debug|x86.Build.0 = Debug|Win32
		{E6A87410-9966-401B-9881-5894124C8BB0}.Release|x64.ActiveCfg = Release|x64
		{E6A87410-9966-401B-9881-5894124C8BB0}.Release|x64.Build.0 = Release|x64
		{E6A87410-9966-401B-9881-5894124C8BB0}.Release|x86.ActiveCfg = Release|Win32
		{E6A87410-9966-401B-9881-5894124C8BB0}.Release|x86.Build.0 = Release|Win32
		{B52E4C8C-75A5-4EC8-9BBA-6C98B08F25D9}.Debug|x64.ActiveCfg = Debug|x64
		{B52E4C8C-75A5-4EC8-9BBA-6C98B08F25D9}.Debug|x64.Build.0 = Debug|x64
		{B52E4C8C-75A5-4EC8-9BBA-6C98B08F25D9}.Debug|x86.ActiveCfg = Debug|Win32
		{B52E4C8C-75A5-4EC8-9BBA-6C98B08F25D9}.Debug|x86.Build.0 = Debug|Win32
		{B52E4C8C-75A5-4EC8-9BBA-6C98B08F25D9}.Release|x64.ActiveCfg = Release|x64
		{B52E4C8C-75A5-4EC8-9BBA-6C98B08F25D9}.Release|x64.Build.0 = Release|x64
		{B52E4C8C-75A5-4EC8-9BBA-6C98B08F25D9}.Release|x86.ActiveCfg = Release|Win32
		{B52E4C8C-75A5-4EC8-9BBA-6C98B08F25D9}.Release|x86.Build.0 = Release|Win32
		{1DF23D08-03EE-44CE-AD45-96FBCBB2BA44}.Debug|x64.ActiveCfg = Debug|x64
		{1DF23D08-03EE-44CE-AD45-96FBCBB2BA44}.Debug|x64.Build.0 = Debug|x64
		{1DF23D08-03EE-44CE-AD45-96FBCBB2BA44}.Debug|x86.ActiveCfg = Debug|Win32
		{1DF23D08-03EE-44CE-AD45-96FBCBB2BA44}.Debug|x86.Build.0 = Debug|Win32
		{1DF23D08-03EE-44CE-AD45-96FBCBB2BA44}.Release|x64.ActiveCfg = Release|x64
		{1DF23D08-03EE-44CE-AD45-96FBCBB2BA44}.Release|x64.Build.0 = Release|x64
		{1DF23D08-03EE-44CE-AD45-96FBCBB2BA44}.Release|x86.ActiveCfg = Release|Win32
		{1DF23D08-03EE-44CE-AD45-96FBCBB2BA44}.Release|x86.Build.0 = Release|Win32
		{377A74B0-3CCD-472D-B292-D97902B90379}.Debug|x64.ActiveCfg = Debug|x64
		{377A74B0-3CCD-472D-B292-D97902B90379}.Debug|x64.Build.0 = Debug|x64
		{377A74B0-3CCD-472D-B292-D97902B90379}.Debug|x86.ActiveCfg = Debug|Win32
		{377A74B0-3CCD-472D-B292-D97902B90379}.Debug|x86.Build.0 = Debug|Win32
		{377A74B0-3CCD-472D-B292-D97902B90379}.Release|x64.ActiveCfg = Release|x64
		{377A74B0-3CCD-472D-B292-D97902B90379}.Release|x64.Build.0 = Release|x64
		{377A74B0-3CCD-472D-B292-D97902B90379}.Release|x86.ActiveCfg = Release|Win32
		{377A74B0-3CCD-472D-B292-D97902B90379}.Release|x86.Build.0 = Release|Win32
		{FF21BD2F-DDCF-4E3A-908C-E510B156F197}.Debug|x64.ActiveCfg = Debug|x64
		{FF21BD2F-DDCF-4E3A-908C-E510B156F197}.Debug|x64.Build.0 = Debug|x64
		{FF21BD2F-DDCF-4E3A-908C-E510B156F197}.Debug|x86.ActiveCfg = Debug|Win32
		{FF21BD2F-DDCF-4E3A-908C-E510B156F197}.Debug|x86.Build.0 = Debug|Win32
		{FF21BD2F-DDCF-4E3A-908C-E510B156F197}.Release|x64.ActiveCfg = Release|x64
		{FF21BD2F-DDCF-4E3A-908C-E510B156F197}.Release|x64.Build.0 = Release|x64
		{FF21BD2F-DDCF-4E3A-908C-E510B156F197}.Release|x86.ActiveCfg = Release|Win32
		{FF21BD2F-DDCF-4E3A-908C-E510B156F197}.Release|x86.Build.0 = Release|Win32
		{E78780DA-C926-4F57-90E8-D19855718424}.Debug|x64.ActiveCfg = Debug|x64
		{E78780DA-C926-4F57-90E8-D19855718424}.Debug|x64.Build.0 = Debug|x64
		{E78780DA-C926-4F57-90E8-D19855718424}.Debug|x86.ActiveCfg = Debug|Win32
		{E78780DA-C926-4F57-90E8-D19855718424}.Debug|x86.Build.0 = Debug|Win32
		{E78780DA-C926-4F57-90E8-D19855718424}.Release|x64.ActiveCfg = Release|x64
		{E78780DA-C926-4F57-90E8-D19855718424}.Release|x64.Build.0 = Release|x64
		{E78780DA-C926-4F57-90E8-D19855718424}.Release|x86.ActiveCfg = Release|Win32
		{E78780DA-C926-4F57-90E8-D19855718424}.Release|x86.Build.0 = Release|Win32
		{EE27EF7B-F4B0-4730-A282-E16D91EF1D13}.Debug|x64.ActiveCfg = Debug|x64
		{EE27EF7B-F4B0-4730-A282-E16D91EF1D13}.Debug|x64.Build.0 = Debug|x64
		{EE27EF7B-F4B0-4730-A282-E16D91EF1D13}.Debug|x86.ActiveCfg = Debug|Win32
		{EE27EF7B-F4B0-4730-A282-E16D91EF1D13}.Debug|x86.Build.0 = Debug|Win32
		{EE27EF7B-F4B0-4730-A282-E16D91EF1D13}.Release|x64.ActiveCfg = Release|x64
		{EE27EF7B-F4B0-4730-A282-E16D91EF1D13}.Release|x64.Build.0 = Release|x64
		{EE27EF7B-F4B0-4730-A282-E16D91EF1D13}.Release|x86.ActiveCfg = Release|Win32
		{EE27EF7B-F4B0-4730-A282-E16D91EF1D13}.Release|x86.Build.0 = Release|Win32
		{26147931-6E7E-4202-98B2-AA7AC1023E29}.Debug|x64.ActiveCfg = Debug|x64
		{26147931-6E7E-4202-98B2-AA7AC1023E29}.Debug|x64.Build.0 = Debug|x64
		{26147931-6E7E-4202-98B2-AA7AC1023E29}.Debug|x86.ActiveCfg = Debug|Win32
		{26147931-6E7E-4202-98B2-AA7AC1023E29}.Debug|x86.Build.0 = Debug|Win32
		{26147931-6E7E-4202-98B2-AA7AC1023E29}.Release|x64.ActiveCfg = Release|x64
		{26147931-6E7E-4202-98B2-AA7AC1023E29}.Release|x64.Build.0 = Release|x64
		{26147931-6E7E-4202-98B2-AA7AC1023E29}.Release|x86.ActiveCfg = Release|Win32
		{26147931-6E7E-4202-98B2-AA7AC1023E29}.Release|x86.Build.0 = Release|Win32
		{067BEE23-010D-4C30-92DB-3F94329C329B}.Debug|x64.ActiveCfg = Debug|x64
		{067BEE23-010D-4C30-92DB-3F94329C329B}.Debug|x64.Build.0 = Debug|x64
		{067BEE23-010D-4C30-92DB-3F94329C329B}.Debug|x86.ActiveCfg = Debug|Win32
		{067BEE23-010D-4C30-92DB-3F94329C329B}.Debug|x86.Build.0 = Debug|Win32
		{067BEE23-010D-4C30-92DB-3F94329C329B}.Release|x64.ActiveCfg = Release|x64
		{067BEE23-010D-4C30-92DB-3F94329C329B}.Release|x64.Build.0 = Release|x64
		{067BEE23-010D-4C30-92DB-3F94329C329B}.Release|x86.ActiveCfg = Release|Win32
		{067BEE23-010D-4C30-92DB-3F94329C329B}.Release|x86.Build.0 = Release|Win32
		{A229EE13-A62F-438A-A2BC-3BCECA2D4371}.Debug|x64.ActiveCfg = Debug|x64
		{A229EE13-A62F-438A-A2BC-3BCECA2D4371}.Debug|x64.Build.0 = Debug|x64
		{A229EE13-A62F-438A-A2BC-3BCECA2D4371}.Debug|x86.ActiveCfg = Debug|Win32
		{A229EE13-A62F-438A-A2BC-3BCECA2D4371}.Debug|x86.Build.0 = Debug|Win32
		{A229EE13-A62F-438A-A2BC-3BCECA2D4371}.Release|x64.ActiveCfg = Release|x64
		{A229EE13-A62F-438A-A2BC-3BCECA2D4371}.Release|x64.Build.0 = Release|x64
		{A229EE13-A62F-438A-A2BC-3BCECA2D4371}.Release|x86.ActiveCfg = Release|Win32
		{A229EE13-A62F-438A-A2BC-3BCECA2D4371}.Release|x86.Build.0 = Release|Win32
		{54A40370-A724-43A1-ABC8-5D3D6C98E09F}.Debug|x64.ActiveCfg = Debug|x64
		{54A40370-A724-43A1-ABC8-5D3D6C98E09F}.Debug|x64.Build.0 = Debug|x64
		{54A40370-A724-43A1-ABC8-5D3D6C98E09F}.Debug|x86.ActiveCfg = Debug|Win32
		{54A40370-A724-43A1-ABC8-5D3D6C98E09F}.Debug|x86.Build.0 = Debug|Win32
		{54A40370-A724-43A1-ABC8-5D3D6C98E09F}.Release|x64.ActiveCfg = Release|x64
		{54A40370-A724-43A1-ABC8-5D3D6C98E09F}.Release|x64.Build.0 = Release|x64
		{54A40370-A724-43A1-ABC8-5D3D6C98E09F}.Release|x86.ActiveCfg = Release|Win32
		{54A40370-A724-43A1-ABC8-5D3D6C98E09F}.Release|x86.Build.0 = Release|Win32
		{A55FC6D4-688F-4B17-94A4-B80AE8CC8E7F}.Debug|x64.ActiveCfg = Debug|x64
		{A55FC6D4-688F-4B17-94A4-B80AE8CC8E7F}.Debug|x64.Build.0 = Debug|x64
		{A55FC6D4-688F-4B17-94A4-B80AE8CC8E7F}.Debug|x86.ActiveCfg = Debug|Win32
		{A55FC6D4-688F-4B17-94A4-B80AE8CC8E7F}.Debug|x86.Build.0 = Debug|Win32
		{A55FC6D4-688F-4B17-94A4-B80AE8CC8E7F}.Release|x64.ActiveCfg = Release|x64
		{A55FC6D4-688F-4B17-94A4-B80AE8CC8E7F}.Release|x64.Build.0 = Release|x64
		{A55FC6D4-688F-4B17-94A4-B80AE8CC8E7F}.Release|x86.ActiveCfg = Release|Win32
		{A55FC6D4-688F-4B17-94A4-B80AE8CC8E7F}.Release|x86.Build.0 = Release|Win32
		{8D16E7D1-8B3C-45AB-A0D2-1A07B296B37F}.Debug|x64.ActiveCfg = Debug|x64
		{8D16E7D1-8B3C-45AB-A0D2-1A07B296B37F}.Debug|x64.Build.0 = Debug|x64
		{8D16E7D1-8B3C-45AB-A0D2-1A07B296B37F}.Debug|x86.ActiveCfg = Debug|Win32
		{8D16E7D1-8B3C-45AB-A0D2-1A07B296B37F}.Debug|x86.Build.0 = Debug|Win32
		{8D16E7D1-8B3C-45AB-A0D2-1A07B296B37F}.Release|x64.ActiveCfg = Release|x64
		{8D16E7D1-8B3C-45AB-A0D2-1A07B296B37F}.Release|x64.Build.0 = Release|x64
		{8D16E7D1-8B3C-45AB-A0D2-1A07B296B37F}.Release|x86.ActiveCfg = Release|Win32
		{8D16E7D1-8B3C-45AB-A0D2-1A07B296B37F}.Release|x86.Build.0 = Release|Win32
		{62FE772B-8CAA-4B77-9F1C-BC79E12C7F70}.Debug|x64.ActiveCfg = Debug|x64
		{62FE772B-8CAA-4B77-9F1C-BC79E12C7F70}.Debug|x64.Build.0 = Debug|x64
		{62FE772B-8CAA-4B77-9F1C-BC79E12C7F70}.Debug|x86.ActiveCfg = Debug|Win32
		{62FE772B-8CAA-4B77-9F1C-BC79E12C7F70}.Debug|x86.Build.0 = Debug|Win32
		{62FE772B-8CAA-4B77-9F1C-BC79E12C7F70}.Release|x64.ActiveCfg = Release|x64
		{62FE772B-8CAA-4B77-9F1C-BC79E12C7F70}.Release|x64.Build.0 = Release|x64
		{62FE772B-8CAA-4B77-9F1C-BC79E12C7F70}.Release|x86.ActiveCfg = Release|Win32
		{62FE772B-8CAA-4B77-9F1C-BC79E12C7F70}.Release|x86.Build.0 = Release|Win32
		{86A16C19-88BE-426B-A0EA-3CB3504A77D6}.Debug|x64.ActiveCfg = Debug|x64
		{86A16C19-88BE-426B-A0EA-3CB3504A77D6}.Debug|x64.Build.0 = Debug|x64
		{86A16C19-88BE-426B-A0EA-3CB3504A77D6}.Debug|x86.ActiveCfg = Debug|Win32
		{86A16C19-88BE-426B-A0EA-3CB3504A77D6}.Debug|x86.Build.0 = Debug|Win32
		{86A16C19-88BE-426B-A0EA-3CB3504A77D6}.Release|x64.ActiveCfg = Release|x64
		{86A16C19-88BE-426B-A0EA-3CB3504A77D6}.Release|x64.Build.0 = Release|x64
		{86A16C19-88BE-426B-A0EA-3CB3504A77D6}.Release|x86.ActiveCfg = Release|Win32
		{86A16C19-88BE-426B-A0EA-3CB3504A77D6}.Release|x86.Build.0 = Release|Win32
		{1F12E11E-CAA4-485B-8178-EE2ABFA315CC}.Debug|x64.ActiveCfg = Debug|x64
		{1F12E11E-CAA4-485B-8178-EE2ABFA315CC}.Debug|x64.Build.0 = Debug|x64
		{1F12E11E-CAA4-485B-8178-EE2ABFA315CC}.Debug|x86.ActiveCfg = Debug|Win32
		{1F12E11E-CAA4-485B-8178-EE2ABFA315CC}.Debug|x86.Build.0 = Debug|Win32
		{1F12E11E-CAA4-485B-8178-EE2ABFA315CC}.Release|x64.ActiveCfg = Release|x64
		{1F12E11E-CAA4-485B-8178-EE2ABFA315CC}.Release|x64.Build.0 = Release|x64
		{1F12E11E-CAA4-485B-8178-EE2ABFA315CC}.Release|x86.ActiveCfg = Release|Win32
		{1F12E11E-CAA4-485B-8178-EE2ABFA315CC}.Release|x86.Build.0 = Release|Win32
		{15B7BBA6-A7E8-45D2-BDAE-BF15BD05DA64}.Debug|x64.ActiveCfg = Debug|x64
		{15B7BBA6-A7E8-45D2-BDAE-BF15BD05DA64}.Debug|x64.Build.0 = Debug|x64
		{15B7BBA6-A7E8-45D2-BDAE-BF15BD05DA64}.Debug|x86.ActiveCfg = Debug|Win32
		{15B7BBA6-A7E8-45D2-BDAE-BF15BD05DA64}.Debug|x86.Build.0 = Debug|Win32
		{15B7BBA6-A7E8-45D2-BDAE-BF15BD05DA64}.Release|x64.ActiveCfg = Release|x64
		{15B7BBA6-A7E8-45D2-BDAE-BF15BD05DA64}.Release|x64.Build.0 = Release|x64
		{15B7BBA6-A7E8-45D2-BDAE-BF15BD05DA64}.Release|x86.ActiveCfg = Release|Win32
		{15B7BBA6-A7E8-45D2-BDAE-BF15BD05DA64}.Release|x86.Build.0 = Release|Win32
		{0D6403C4-7CDA-4913-8418-F5960E37F220}.Debug|x64.ActiveCfg = Debug|x64
		{0D6403C4-7CDA-4913-8418-F5960E37F220}.Debug|x64.Build.0 = Debug|x64
		{0D6403C4-7CDA-4913-8418-F5960E37F220}.Debug|x86.ActiveCfg = Debug|Win32
		{0D6403C4-7CDA-4913-8418-F5960E37F220}.Debug|x86.Build.0 = Debug|Win32
		{0D6403C4-7CDA-4913-8418-F5960E37F220}.Release|x64.ActiveCfg = Release|x64
		{0D6403C4-7CDA-4913-8418-F5960E37F220}.Release|x64.Build.0 = Release|x64
		{0D6403C4-7CDA-4913-8418-F5960E37F220}.Release|x86.ActiveCfg = Release|Win32
		{0D6403C4-7CDA-4913-8418-F5960E37F220}.Release|x86.Build.0 = Release|Win32
		{6530BC69-D5BF-42F2-800B-9E1D76246337}.Debug|x64.ActiveCfg = Debug|x64
		{6530BC69-D5BF-42F2-800B-9E1D76246337}.Debug|x64.Build.0 = Debug|x64
		{6530BC69-D5BF-42F2-800B-9E1D76246337}.Debug|x86.ActiveCfg = Debug|Win32
		{6530BC69-D5BF-42F2-800B-9E1D76246337}.Debug|x86.Build.0 = Debug|Win32
		{6530BC69-D5BF-42F2-800B-9E1D76246337}.Release|x64.ActiveCfg = Release|x64
		{6530BC69-D5BF-42F2-800B-9E1D76246337}.Release|x64.Build.0 = Release|x64
		{6530BC69-D5BF-42F2-800B-9E1D76246337}.Release|x86.ActiveCfg = Release|Win32
		{6530BC69-D5BF-42F2-800B-9E1D76246337}.Release|x86.Build.0 = Release|Win32
		{2DABA534-18F2-4021-A1E7-4BCC306BA3DF}.Debug|x64.ActiveCfg = Debug|x64
		{2DABA534-18F2-4021-A1E7-4BCC306BA3DF}.Debug|x64.Build.0 = Debug|x64
		{2DABA534-18F2-4021-A1E7-4BCC306BA3DF}.Debug|x86.ActiveCfg = Debug|Win32
		{2DABA534-18F2-4021-A1E7-4BCC306BA3DF}.Debug|x86.Build.0 = Debug|Win32
		{2DABA534-18F2-4021-A1E7-4BCC306BA3DF}.Release|x64.ActiveCfg = Release|x64
		{2DABA534-18F2-4021-A1E7-4BCC306BA3DF}.Release|x64.Build.0 = Release|x64
		{2DABA534-18F2-4021-A1E7-4BCC306BA3DF}.Release|x86.ActiveCfg = Release|Win32
		{2DABA534-18F2-4021-A1E7-4BCC306BA3DF}.Release|x86.Build.0 = Release|Win32
		{8CA180FF-1DB9-4586-942F-51E53A1FF446}.Debug|x64.ActiveCfg = Debug|x64
		{8CA180FF-1DB9-4586-942F-51E53A1FF446}.Debug|x64.Build.0 = Debug|x64
		{8CA180FF-1DB9-4586-942F-51E53A1FF446}.Debug|x86.ActiveCfg = Debug|Win32
		{8CA180FF-1DB9-4586-942F-51E53A1FF446}.Debug|x86.Build.0 = Debug|Win32
		{8CA180FF-1DB9-4586-942F-51E53A1FF446}.Release|x64.ActiveCfg = Release|x64
		{8CA180FF-1DB9-4586-942F-51E53A1FF446}.Release|x64.Build.0 = Release|x64
		{8CA180FF-1DB9-4586-942F-51E53A1FF446}.Release|x86.ActiveCfg = Release|Win32
		{8CA180FF-1DB9-4586-942F-51E53A1FF446}.Release|x86.Build.0 = Release|Win32
		{287CC7DC-FF91-484B-B57F-8021E9E8B5E1}.Debug|x64.ActiveCfg = Debug|x64
		{287CC7DC-FF91-484B-B57F-8021E9E8B5E1}.Debug|x64.Build.0 = Debug|x64
		{287CC7DC-FF91-484B-B57F-8021E9E8B5E1}.Debug|x86.ActiveCfg = Debug|Win32
		{287CC7DC-FF91-484B-B57F-8021E9E8B5E1}.Debug|x86.Build.0 = Debug|Win32
		{287CC7DC-FF91-484B-B57F-8021E9E8B5E1}.Release|x64.ActiveCfg = Release|x64
		{287CC7DC-FF91-484B-B57F-8021E9E8B5E1}.Release|x64.Build.0 = Release|x64
		{287CC7DC-FF91-484B-B57F-8021E9E8B5E1}.Release|x86.ActiveCfg = Release|Win32
		{287CC7DC-FF91-484B-B57F-8021E9E8B5E1}.Release|x86.Build.0 = Release|Win32
		{D32DCE98-BD1E-4B5F-945A-46C342F2838C}.Debug|x64.ActiveCfg = Debug|x64
		{D32DCE98-BD1E-4B5F-945A-46C342F2838C}.Debug|x64.Build.0 = Debug|x64
		{D32DCE98-BD1E-4B5F-945A-46C342F2838C}.Debug|x86.ActiveCfg = Debug|Win32
		{D32DCE98-BD1E-4B5F-945A-46C342F2838C}.Debug|x86.Build.0 = Debug|Win32
		{D32DCE98-BD1E-4B5F-945A-46C342F2838C}.Release|x64.ActiveCfg = Release|x64
		{D32DCE98-BD1E-4B5F-945A-46C342F2838C}.Release|x64.Build.0 = Release|x64
		{D32DCE98-BD1E-4B5F-945A-46C342F2838C}.Release|x86.ActiveCfg = Release|Win32
		{D32DCE98-BD1E-4B5F-945A-46C342F2838C}.Release|x86.Build.0 = Release|Win32
	EndGlobalSection
	GlobalSection(SolutionProperties) = preSolution
		HideSolutionNode = FALSE
	EndGlobalSection
	GlobalSection(ExtensibilityGlobals) = postSolution
		SolutionGuid = {C77E0ECC-EC67-45A0-A03D-339E36874F28}
	EndGlobalSection
EndGlobal
